// !$*UTF8*$!
{
	archiveVersion = 1;
	classes = {
	};
	objectVersion = 46;
	objects = {

/* Begin PBXBuildFile section */
		1A0585331B6EF619008CCC1B /* main.m in Sources */ = {isa = PBXBuildFile; fileRef = 1A0585321B6EF619008CCC1B /* main.m */; };
		1A0585361B6EF619008CCC1B /* AppDelegate.m in Sources */ = {isa = PBXBuildFile; fileRef = 1A0585351B6EF619008CCC1B /* AppDelegate.m */; };
		1A0585381B6EF619008CCC1B /* Images.xcassets in Resources */ = {isa = PBXBuildFile; fileRef = 1A0585371B6EF619008CCC1B /* Images.xcassets */; };
		1A05853B1B6EF619008CCC1B /* LaunchScreen.xib in Resources */ = {isa = PBXBuildFile; fileRef = 1A0585391B6EF619008CCC1B /* LaunchScreen.xib */; };
		1A0585471B6EF619008CCC1B /* __________Tests.m in Sources */ = {isa = PBXBuildFile; fileRef = 1A0585461B6EF619008CCC1B /* __________Tests.m */; };
		1A0585521B6EF639008CCC1B /* RootViewController.m in Sources */ = {isa = PBXBuildFile; fileRef = 1A0585511B6EF639008CCC1B /* RootViewController.m */; };
		1A0585651B6EF7AD008CCC1B /* 1.png in Resources */ = {isa = PBXBuildFile; fileRef = 1A0585541B6EF7AD008CCC1B /* 1.png */; };
		1A0585661B6EF7AD008CCC1B /* psb0.jpg in Resources */ = {isa = PBXBuildFile; fileRef = 1A0585551B6EF7AD008CCC1B /* psb0.jpg */; };
		1A0585671B6EF7AD008CCC1B /* psb1.jpg in Resources */ = {isa = PBXBuildFile; fileRef = 1A0585561B6EF7AD008CCC1B /* psb1.jpg */; };
		1A0585681B6EF7AD008CCC1B /* psb10.jpg in Resources */ = {isa = PBXBuildFile; fileRef = 1A0585571B6EF7AD008CCC1B /* psb10.jpg */; };
		1A0585691B6EF7AD008CCC1B /* psb11.jpg in Resources */ = {isa = PBXBuildFile; fileRef = 1A0585581B6EF7AD008CCC1B /* psb11.jpg */; };
		1A05856A1B6EF7AD008CCC1B /* psb12.jpg in Resources */ = {isa = PBXBuildFile; fileRef = 1A0585591B6EF7AD008CCC1B /* psb12.jpg */; };
		1A05856B1B6EF7AD008CCC1B /* psb13.jpg in Resources */ = {isa = PBXBuildFile; fileRef = 1A05855A1B6EF7AD008CCC1B /* psb13.jpg */; };
		1A05856C1B6EF7AD008CCC1B /* psb14.jpg in Resources */ = {isa = PBXBuildFile; fileRef = 1A05855B1B6EF7AD008CCC1B /* psb14.jpg */; };
		1A05856D1B6EF7AD008CCC1B /* psb15.jpg in Resources */ = {isa = PBXBuildFile; fileRef = 1A05855C1B6EF7AD008CCC1B /* psb15.jpg */; };
		1A05856E1B6EF7AD008CCC1B /* psb2.jpg in Resources */ = {isa = PBXBuildFile; fileRef = 1A05855D1B6EF7AD008CCC1B /* psb2.jpg */; };
		1A05856F1B6EF7AD008CCC1B /* psb3.jpg in Resources */ = {isa = PBXBuildFile; fileRef = 1A05855E1B6EF7AD008CCC1B /* psb3.jpg */; };
		1A0585701B6EF7AD008CCC1B /* psb4.jpg in Resources */ = {isa = PBXBuildFile; fileRef = 1A05855F1B6EF7AD008CCC1B /* psb4.jpg */; };
		1A0585711B6EF7AD008CCC1B /* psb5.jpg in Resources */ = {isa = PBXBuildFile; fileRef = 1A0585601B6EF7AD008CCC1B /* psb5.jpg */; };
		1A0585721B6EF7AD008CCC1B /* psb6.jpg in Resources */ = {isa = PBXBuildFile; fileRef = 1A0585611B6EF7AD008CCC1B /* psb6.jpg */; };
		1A0585731B6EF7AD008CCC1B /* psb7.jpg in Resources */ = {isa = PBXBuildFile; fileRef = 1A0585621B6EF7AD008CCC1B /* psb7.jpg */; };
		1A0585741B6EF7AD008CCC1B /* psb8.jpg in Resources */ = {isa = PBXBuildFile; fileRef = 1A0585631B6EF7AD008CCC1B /* psb8.jpg */; };
		1A0585751B6EF7AD008CCC1B /* psb9.jpg in Resources */ = {isa = PBXBuildFile; fileRef = 1A0585641B6EF7AD008CCC1B /* psb9.jpg */; };
		1A0585781B6EF972008CCC1B /* CutomView.m in Sources */ = {isa = PBXBuildFile; fileRef = 1A0585771B6EF972008CCC1B /* CutomView.m */; };
/* End PBXBuildFile section */

/* Begin PBXContainerItemProxy section */
		1A0585411B6EF619008CCC1B /* PBXContainerItemProxy */ = {
			isa = PBXContainerItemProxy;
			containerPortal = 1A0585251B6EF619008CCC1B /* Project object */;
			proxyType = 1;
			remoteGlobalIDString = 1A05852C1B6EF619008CCC1B;
			remoteInfo = "1.删除选中图片作业";
		};
/* End PBXContainerItemProxy section */

/* Begin PBXFileReference section */
		1A05852D1B6EF619008CCC1B /* 1.删除选中图片作业.app */ = {isa = PBXFileReference; explicitFileType = wrapper.application; includeInIndex = 0; path = "1.删除选中图片作业.app"; sourceTree = BUILT_PRODUCTS_DIR; };
		1A0585311B6EF619008CCC1B /* Info.plist */ = {isa = PBXFileReference; lastKnownFileType = text.plist.xml; path = Info.plist; sourceTree = "<group>"; };
		1A0585321B6EF619008CCC1B /* main.m */ = {isa = PBXFileReference; lastKnownFileType = sourcecode.c.objc; path = main.m; sourceTree = "<group>"; };
		1A0585341B6EF619008CCC1B /* AppDelegate.h */ = {isa = PBXFileReference; lastKnownFileType = sourcecode.c.h; path = AppDelegate.h; sourceTree = "<group>"; };
		1A0585351B6EF619008CCC1B /* AppDelegate.m */ = {isa = PBXFileReference; lastKnownFileType = sourcecode.c.objc; path = AppDelegate.m; sourceTree = "<group>"; };
		1A0585371B6EF619008CCC1B /* Images.xcassets */ = {isa = PBXFileReference; lastKnownFileType = folder.assetcatalog; path = Images.xcassets; sourceTree = "<group>"; };
		1A05853A1B6EF619008CCC1B /* Base */ = {isa = PBXFileReference; lastKnownFileType = file.xib; name = Base; path = Base.lproj/LaunchScreen.xib; sourceTree = "<group>"; };
		1A0585401B6EF619008CCC1B /* 1.删除选中图片作业Tests.xctest */ = {isa = PBXFileReference; explicitFileType = wrapper.cfbundle; includeInIndex = 0; path = "1.删除选中图片作业Tests.xctest"; sourceTree = BUILT_PRODUCTS_DIR; };
		1A0585451B6EF619008CCC1B /* Info.plist */ = {isa = PBXFileReference; lastKnownFileType = text.plist.xml; path = Info.plist; sourceTree = "<group>"; };
		1A0585461B6EF619008CCC1B /* __________Tests.m */ = {isa = PBXFileReference; lastKnownFileType = sourcecode.c.objc; path = "__________Tests.m"; sourceTree = "<group>"; };
		1A0585501B6EF639008CCC1B /* RootViewController.h */ = {isa = PBXFileReference; fileEncoding = 4; lastKnownFileType = sourcecode.c.h; path = RootViewController.h; sourceTree = "<group>"; };
		1A0585511B6EF639008CCC1B /* RootViewController.m */ = {isa = PBXFileReference; fileEncoding = 4; lastKnownFileType = sourcecode.c.objc; path = RootViewController.m; sourceTree = "<group>"; };
		1A0585541B6EF7AD008CCC1B /* 1.png */ = {isa = PBXFileReference; lastKnownFileType = image.png; path = 1.png; sourceTree = "<group>"; };
		1A0585551B6EF7AD008CCC1B /* psb0.jpg */ = {isa = PBXFileReference; lastKnownFileType = image.jpeg; path = psb0.jpg; sourceTree = "<group>"; };
		1A0585561B6EF7AD008CCC1B /* psb1.jpg */ = {isa = PBXFileReference; lastKnownFileType = image.jpeg; path = psb1.jpg; sourceTree = "<group>"; };
		1A0585571B6EF7AD008CCC1B /* psb10.jpg */ = {isa = PBXFileReference; lastKnownFileType = image.jpeg; path = psb10.jpg; sourceTree = "<group>"; };
		1A0585581B6EF7AD008CCC1B /* psb11.jpg */ = {isa = PBXFileReference; lastKnownFileType = image.jpeg; path = psb11.jpg; sourceTree = "<group>"; };
		1A0585591B6EF7AD008CCC1B /* psb12.jpg */ = {isa = PBXFileReference; lastKnownFileType = image.jpeg; path = psb12.jpg; sourceTree = "<group>"; };
		1A05855A1B6EF7AD008CCC1B /* psb13.jpg */ = {isa = PBXFileReference; lastKnownFileType = image.jpeg; path = psb13.jpg; sourceTree = "<group>"; };
		1A05855B1B6EF7AD008CCC1B /* psb14.jpg */ = {isa = PBXFileReference; lastKnownFileType = image.jpeg; path = psb14.jpg; sourceTree = "<group>"; };
		1A05855C1B6EF7AD008CCC1B /* psb15.jpg */ = {isa = PBXFileReference; lastKnownFileType = image.jpeg; path = psb15.jpg; sourceTree = "<group>"; };
		1A05855D1B6EF7AD008CCC1B /* psb2.jpg */ = {isa = PBXFileReference; lastKnownFileType = image.jpeg; path = psb2.jpg; sourceTree = "<group>"; };
		1A05855E1B6EF7AD008CCC1B /* psb3.jpg */ = {isa = PBXFileReference; lastKnownFileType = image.jpeg; path = psb3.jpg; sourceTree = "<group>"; };
		1A05855F1B6EF7AD008CCC1B /* psb4.jpg */ = {isa = PBXFileReference; lastKnownFileType = image.jpeg; path = psb4.jpg; sourceTree = "<group>"; };
		1A0585601B6EF7AD008CCC1B /* psb5.jpg */ = {isa = PBXFileReference; lastKnownFileType = image.jpeg; path = psb5.jpg; sourceTree = "<group>"; };
		1A0585611B6EF7AD008CCC1B /* psb6.jpg */ = {isa = PBXFileReference; lastKnownFileType = image.jpeg; path = psb6.jpg; sourceTree = "<group>"; };
		1A0585621B6EF7AD008CCC1B /* psb7.jpg */ = {isa = PBXFileReference; lastKnownFileType = image.jpeg; path = psb7.jpg; sourceTree = "<group>"; };
		1A0585631B6EF7AD008CCC1B /* psb8.jpg */ = {isa = PBXFileReference; lastKnownFileType = image.jpeg; path = psb8.jpg; sourceTree = "<group>"; };
		1A0585641B6EF7AD008CCC1B /* psb9.jpg */ = {isa = PBXFileReference; lastKnownFileType = image.jpeg; path = psb9.jpg; sourceTree = "<group>"; };
		1A0585761B6EF972008CCC1B /* CutomView.h */ = {isa = PBXFileReference; fileEncoding = 4; lastKnownFileType = sourcecode.c.h; path = CutomView.h; sourceTree = "<group>"; };
		1A0585771B6EF972008CCC1B /* CutomView.m */ = {isa = PBXFileReference; fileEncoding = 4; lastKnownFileType = sourcecode.c.objc; path = CutomView.m; sourceTree = "<group>"; };
/* End PBXFileReference section */

/* Begin PBXFrameworksBuildPhase section */
		1A05852A1B6EF619008CCC1B /* Frameworks */ = {
			isa = PBXFrameworksBuildPhase;
			buildActionMask = 2147483647;
			files = (
			);
			runOnlyForDeploymentPostprocessing = 0;
		};
		1A05853D1B6EF619008CCC1B /* Frameworks */ = {
			isa = PBXFrameworksBuildPhase;
			buildActionMask = 2147483647;
			files = (
			);
			runOnlyForDeploymentPostprocessing = 0;
		};
/* End PBXFrameworksBuildPhase section */

/* Begin PBXGroup section */
		1A0585241B6EF619008CCC1B = {
			isa = PBXGroup;
			children = (
				1A05852F1B6EF619008CCC1B /* 1.删除选中图片作业 */,
				1A0585431B6EF619008CCC1B /* 1.删除选中图片作业Tests */,
				1A05852E1B6EF619008CCC1B /* Products */,
			);
			sourceTree = "<group>";
		};
		1A05852E1B6EF619008CCC1B /* Products */ = {
			isa = PBXGroup;
			children = (
				1A05852D1B6EF619008CCC1B /* 1.删除选中图片作业.app */,
				1A0585401B6EF619008CCC1B /* 1.删除选中图片作业Tests.xctest */,
			);
			name = Products;
			sourceTree = "<group>";
		};
		1A05852F1B6EF619008CCC1B /* 1.删除选中图片作业 */ = {
			isa = PBXGroup;
			children = (
				1A0585531B6EF7AD008CCC1B /* images */,
				1A0585341B6EF619008CCC1B /* AppDelegate.h */,
				1A0585351B6EF619008CCC1B /* AppDelegate.m */,
				1A0585501B6EF639008CCC1B /* RootViewController.h */,
				1A0585511B6EF639008CCC1B /* RootViewController.m */,
				1A0585761B6EF972008CCC1B /* CutomView.h */,
				1A0585771B6EF972008CCC1B /* CutomView.m */,
				1A0585371B6EF619008CCC1B /* Images.xcassets */,
				1A0585391B6EF619008CCC1B /* LaunchScreen.xib */,
				1A0585301B6EF619008CCC1B /* Supporting Files */,
			);
			path = "1.删除选中图片作业";
			sourceTree = "<group>";
		};
		1A0585301B6EF619008CCC1B /* Supporting Files */ = {
			isa = PBXGroup;
			children = (
				1A0585311B6EF619008CCC1B /* Info.plist */,
				1A0585321B6EF619008CCC1B /* main.m */,
			);
			name = "Supporting Files";
			sourceTree = "<group>";
		};
		1A0585431B6EF619008CCC1B /* 1.删除选中图片作业Tests */ = {
			isa = PBXGroup;
			children = (
				1A0585461B6EF619008CCC1B /* __________Tests.m */,
				1A0585441B6EF619008CCC1B /* Supporting Files */,
			);
			path = "1.删除选中图片作业Tests";
			sourceTree = "<group>";
		};
		1A0585441B6EF619008CCC1B /* Supporting Files */ = {
			isa = PBXGroup;
			children = (
				1A0585451B6EF619008CCC1B /* Info.plist */,
			);
			name = "Supporting Files";
			sourceTree = "<group>";
		};
		1A0585531B6EF7AD008CCC1B /* images */ = {
			isa = PBXGroup;
			children = (
				1A0585541B6EF7AD008CCC1B /* 1.png */,
				1A0585551B6EF7AD008CCC1B /* psb0.jpg */,
				1A0585561B6EF7AD008CCC1B /* psb1.jpg */,
				1A0585571B6EF7AD008CCC1B /* psb10.jpg */,
				1A0585581B6EF7AD008CCC1B /* psb11.jpg */,
				1A0585591B6EF7AD008CCC1B /* psb12.jpg */,
				1A05855A1B6EF7AD008CCC1B /* psb13.jpg */,
				1A05855B1B6EF7AD008CCC1B /* psb14.jpg */,
				1A05855C1B6EF7AD008CCC1B /* psb15.jpg */,
				1A05855D1B6EF7AD008CCC1B /* psb2.jpg */,
				1A05855E1B6EF7AD008CCC1B /* psb3.jpg */,
				1A05855F1B6EF7AD008CCC1B /* psb4.jpg */,
				1A0585601B6EF7AD008CCC1B /* psb5.jpg */,
				1A0585611B6EF7AD008CCC1B /* psb6.jpg */,
				1A0585621B6EF7AD008CCC1B /* psb7.jpg */,
				1A0585631B6EF7AD008CCC1B /* psb8.jpg */,
				1A0585641B6EF7AD008CCC1B /* psb9.jpg */,
			);
			path = images;
			sourceTree = "<group>";
		};
/* End PBXGroup section */

/* Begin PBXNativeTarget section */
		1A05852C1B6EF619008CCC1B /* 1.删除选中图片作业 */ = {
			isa = PBXNativeTarget;
			buildConfigurationList = 1A05854A1B6EF619008CCC1B /* Build configuration list for PBXNativeTarget "1.删除选中图片作业" */;
			buildPhases = (
				1A0585291B6EF619008CCC1B /* Sources */,
				1A05852A1B6EF619008CCC1B /* Frameworks */,
				1A05852B1B6EF619008CCC1B /* Resources */,
			);
			buildRules = (
			);
			dependencies = (
			);
			name = "1.删除选中图片作业";
			productName = "1.删除选中图片作业";
			productReference = 1A05852D1B6EF619008CCC1B /* 1.删除选中图片作业.app */;
			productType = "com.apple.product-type.application";
		};
		1A05853F1B6EF619008CCC1B /* 1.删除选中图片作业Tests */ = {
			isa = PBXNativeTarget;
			buildConfigurationList = 1A05854D1B6EF619008CCC1B /* Build configuration list for PBXNativeTarget "1.删除选中图片作业Tests" */;
			buildPhases = (
				1A05853C1B6EF619008CCC1B /* Sources */,
				1A05853D1B6EF619008CCC1B /* Frameworks */,
				1A05853E1B6EF619008CCC1B /* Resources */,
			);
			buildRules = (
			);
			dependencies = (
				1A0585421B6EF619008CCC1B /* PBXTargetDependency */,
			);
			name = "1.删除选中图片作业Tests";
			productName = "1.删除选中图片作业Tests";
			productReference = 1A0585401B6EF619008CCC1B /* 1.删除选中图片作业Tests.xctest */;
			productType = "com.apple.product-type.bundle.unit-test";
		};
/* End PBXNativeTarget section */

/* Begin PBXProject section */
		1A0585251B6EF619008CCC1B /* Project object */ = {
			isa = PBXProject;
			attributes = {
				LastUpgradeCheck = 0640;
				ORGANIZATIONNAME = liuyuecheng;
				TargetAttributes = {
					1A05852C1B6EF619008CCC1B = {
						CreatedOnToolsVersion = 6.4;
					};
					1A05853F1B6EF619008CCC1B = {
						CreatedOnToolsVersion = 6.4;
						TestTargetID = 1A05852C1B6EF619008CCC1B;
					};
				};
			};
			buildConfigurationList = 1A0585281B6EF619008CCC1B /* Build configuration list for PBXProject "1.删除选中图片作业" */;
			compatibilityVersion = "Xcode 3.2";
			developmentRegion = English;
			hasScannedForEncodings = 0;
			knownRegions = (
				en,
				Base,
			);
			mainGroup = 1A0585241B6EF619008CCC1B;
			productRefGroup = 1A05852E1B6EF619008CCC1B /* Products */;
			projectDirPath = "";
			projectRoot = "";
			targets = (
				1A05852C1B6EF619008CCC1B /* 1.删除选中图片作业 */,
				1A05853F1B6EF619008CCC1B /* 1.删除选中图片作业Tests */,
			);
		};
/* End PBXProject section */

/* Begin PBXResourcesBuildPhase section */
		1A05852B1B6EF619008CCC1B /* Resources */ = {
			isa = PBXResourcesBuildPhase;
			buildActionMask = 2147483647;
			files = (
				1A05856C1B6EF7AD008CCC1B /* psb14.jpg in Resources */,
				1A0585711B6EF7AD008CCC1B /* psb5.jpg in Resources */,
				1A0585721B6EF7AD008CCC1B /* psb6.jpg in Resources */,
				1A0585731B6EF7AD008CCC1B /* psb7.jpg in Resources */,
				1A0585741B6EF7AD008CCC1B /* psb8.jpg in Resources */,
				1A05856D1B6EF7AD008CCC1B /* psb15.jpg in Resources */,
				1A05856A1B6EF7AD008CCC1B /* psb12.jpg in Resources */,
				1A0585751B6EF7AD008CCC1B /* psb9.jpg in Resources */,
				1A0585691B6EF7AD008CCC1B /* psb11.jpg in Resources */,
				1A0585661B6EF7AD008CCC1B /* psb0.jpg in Resources */,
				1A0585671B6EF7AD008CCC1B /* psb1.jpg in Resources */,
				1A0585681B6EF7AD008CCC1B /* psb10.jpg in Resources */,
				1A05856B1B6EF7AD008CCC1B /* psb13.jpg in Resources */,
				1A0585651B6EF7AD008CCC1B /* 1.png in Resources */,
				1A05853B1B6EF619008CCC1B /* LaunchScreen.xib in Resources */,
				1A0585701B6EF7AD008CCC1B /* psb4.jpg in Resources */,
				1A05856E1B6EF7AD008CCC1B /* psb2.jpg in Resources */,
				1A05856F1B6EF7AD008CCC1B /* psb3.jpg in Resources */,
				1A0585381B6EF619008CCC1B /* Images.xcassets in Resources */,
			);
			runOnlyForDeploymentPostprocessing = 0;
		};
		1A05853E1B6EF619008CCC1B /* Resources */ = {
			isa = PBXResourcesBuildPhase;
			buildActionMask = 2147483647;
			files = (
			);
			runOnlyForDeploymentPostprocessing = 0;
		};
/* End PBXResourcesBuildPhase section */

/* Begin PBXSourcesBuildPhase section */
		1A0585291B6EF619008CCC1B /* Sources */ = {
			isa = PBXSourcesBuildPhase;
			buildActionMask = 2147483647;
			files = (
				1A0585361B6EF619008CCC1B /* AppDelegate.m in Sources */,
				1A0585781B6EF972008CCC1B /* CutomView.m in Sources */,
				1A0585331B6EF619008CCC1B /* main.m in Sources */,
				1A0585521B6EF639008CCC1B /* RootViewController.m in Sources */,
			);
			runOnlyForDeploymentPostprocessing = 0;
		};
		1A05853C1B6EF619008CCC1B /* Sources */ = {
			isa = PBXSourcesBuildPhase;
			buildActionMask = 2147483647;
			files = (
				1A0585471B6EF619008CCC1B /* __________Tests.m in Sources */,
			);
			runOnlyForDeploymentPostprocessing = 0;
		};
/* End PBXSourcesBuildPhase section */

/* Begin PBXTargetDependency section */
		1A0585421B6EF619008CCC1B /* PBXTargetDependency */ = {
			isa = PBXTargetDependency;
			target = 1A05852C1B6EF619008CCC1B /* 1.删除选中图片作业 */;
			targetProxy = 1A0585411B6EF619008CCC1B /* PBXContainerItemProxy */;
		};
/* End PBXTargetDependency section */

/* Begin PBXVariantGroup section */
		1A0585391B6EF619008CCC1B /* LaunchScreen.xib */ = {
			isa = PBXVariantGroup;
			children = (
				1A05853A1B6EF619008CCC1B /* Base */,
			);
			name = LaunchScreen.xib;
			sourceTree = "<group>";
		};
/* End PBXVariantGroup section */

/* Begin XCBuildConfiguration section */
		1A0585481B6EF619008CCC1B /* Debug */ = {
			isa = XCBuildConfiguration;
			buildSettings = {
				ALWAYS_SEARCH_USER_PATHS = NO;
				CLANG_CXX_LANGUAGE_STANDARD = "gnu++0x";
				CLANG_CXX_LIBRARY = "libc++";
				CLANG_ENABLE_MODULES = YES;
				CLANG_ENABLE_OBJC_ARC = YES;
				CLANG_WARN_BOOL_CONVERSION = YES;
				CLANG_WARN_CONSTANT_CONVERSION = YES;
				CLANG_WARN_DIRECT_OBJC_ISA_USAGE = YES_ERROR;
				CLANG_WARN_EMPTY_BODY = YES;
				CLANG_WARN_ENUM_CONVERSION = YES;
				CLANG_WARN_INT_CONVERSION = YES;
				CLANG_WARN_OBJC_ROOT_CLASS = YES_ERROR;
				CLANG_WARN_UNREACHABLE_CODE = YES;
				CLANG_WARN__DUPLICATE_METHOD_MATCH = YES;
				"CODE_SIGN_IDENTITY[sdk=iphoneos*]" = "iPhone Developer";
				COPY_PHASE_STRIP = NO;
				DEBUG_INFORMATION_FORMAT = "dwarf-with-dsym";
				ENABLE_STRICT_OBJC_MSGSEND = YES;
				GCC_C_LANGUAGE_STANDARD = gnu99;
				GCC_DYNAMIC_NO_PIC = NO;
				GCC_NO_COMMON_BLOCKS = YES;
				GCC_OPTIMIZATION_LEVEL = 0;
				GCC_PREPROCESSOR_DEFINITIONS = (
					"DEBUG=1",
					"$(inherited)",
				);
				GCC_SYMBOLS_PRIVATE_EXTERN = NO;
				GCC_WARN_64_TO_32_BIT_CONVERSION = YES;
				GCC_WARN_ABOUT_RETURN_TYPE = YES_ERROR;
				GCC_WARN_UNDECLARED_SELECTOR = YES;
				GCC_WARN_UNINITIALIZED_AUTOS = YES_AGGRESSIVE;
				GCC_WARN_UNUSED_FUNCTION = YES;
				GCC_WARN_UNUSED_VARIABLE = YES;
				IPHONEOS_DEPLOYMENT_TARGET = 8.4;
				MTL_ENABLE_DEBUG_INFO = YES;
				ONLY_ACTIVE_ARCH = YES;
				SDKROOT = iphoneos;
			};
			name = Debug;
		};
		1A0585491B6EF619008CCC1B /* Release */ = {
			isa = XCBuildConfiguration;
			buildSettings = {
				ALWAYS_SEARCH_USER_PATHS = NO;
				CLANG_CXX_LANGUAGE_STANDARD = "gnu++0x";
				CLANG_CXX_LIBRARY = "libc++";
				CLANG_ENABLE_MODULES = YES;
				CLANG_ENABLE_OBJC_ARC = YES;
				CLANG_WARN_BOOL_CONVERSION = YES;
				CLANG_WARN_CONSTANT_CONVERSION = YES;
				CLANG_WARN_DIRECT_OBJC_ISA_USAGE = YES_ERROR;
				CLANG_WARN_EMPTY_BODY = YES;
				CLANG_WARN_ENUM_CONVERSION = YES;
				CLANG_WARN_INT_CONVERSION = YES;
				CLANG_WARN_OBJC_ROOT_CLASS = YES_ERROR;
				CLANG_WARN_UNREACHABLE_CODE = YES;
				CLANG_WARN__DUPLICATE_METHOD_MATCH = YES;
				"CODE_SIGN_IDENTITY[sdk=iphoneos*]" = "iPhone Developer";
				COPY_PHASE_STRIP = NO;
				DEBUG_INFORMATION_FORMAT = "dwarf-with-dsym";
				ENABLE_NS_ASSERTIONS = NO;
				ENABLE_STRICT_OBJC_MSGSEND = YES;
				GCC_C_LANGUAGE_STANDARD = gnu99;
				GCC_NO_COMMON_BLOCKS = YES;
				GCC_WARN_64_TO_32_BIT_CONVERSION = YES;
				GCC_WARN_ABOUT_RETURN_TYPE = YES_ERROR;
				GCC_WARN_UNDECLARED_SELECTOR = YES;
				GCC_WARN_UNINITIALIZED_AUTOS = YES_AGGRESSIVE;
				GCC_WARN_UNUSED_FUNCTION = YES;
				GCC_WARN_UNUSED_VARIABLE = YES;
				IPHONEOS_DEPLOYMENT_TARGET = 8.4;
				MTL_ENABLE_DEBUG_INFO = NO;
				SDKROOT = iphoneos;
				VALIDATE_PRODUCT = YES;
			};
			name = Release;
		};
		1A05854B1B6EF619008CCC1B /* Debug */ = {
			isa = XCBuildConfiguration;
			buildSettings = {
				ASSETCATALOG_COMPILER_APPICON_NAME = AppIcon;
				INFOPLIST_FILE = "1.删除选中图片作业/Info.plist";
				LD_RUNPATH_SEARCH_PATHS = "$(inherited) @executable_path/Frameworks";
				PRODUCT_NAME = "$(TARGET_NAME)";
			};
			name = Debug;
		};
		1A05854C1B6EF619008CCC1B /* Release */ = {
			isa = XCBuildConfiguration;
			buildSettings = {
				ASSETCATALOG_COMPILER_APPICON_NAME = AppIcon;
				INFOPLIST_FILE = "1.删除选中图片作业/Info.plist";
				LD_RUNPATH_SEARCH_PATHS = "$(inherited) @executable_path/Frameworks";
				PRODUCT_NAME = "$(TARGET_NAME)";
			};
			name = Release;
		};
		1A05854E1B6EF619008CCC1B /* Debug */ = {
			isa = XCBuildConfiguration;
			buildSettings = {
				BUNDLE_LOADER = "$(TEST_HOST)";
				FRAMEWORK_SEARCH_PATHS = (
					"$(SDKROOT)/Developer/Library/Frameworks",
					"$(inherited)",
				);
				GCC_PREPROCESSOR_DEFINITIONS = (
					"DEBUG=1",
					"$(inherited)",
				);
				INFOPLIST_FILE = "1.删除选中图片作业Tests/Info.plist";
				LD_RUNPATH_SEARCH_PATHS = "$(inherited) @executable_path/Frameworks @loader_path/Frameworks";
				PRODUCT_NAME = "$(TARGET_NAME)";
				TEST_HOST = "$(BUILT_PRODUCTS_DIR)/1.删除选中图片作业.app/1.删除选中图片作业";
			};
			name = Debug;
		};
		1A05854F1B6EF619008CCC1B /* Release */ = {
			isa = XCBuildConfiguration;
			buildSettings = {
				BUNDLE_LOADER = "$(TEST_HOST)";
				FRAMEWORK_SEARCH_PATHS = (
					"$(SDKROOT)/Developer/Library/Frameworks",
					"$(inherited)",
				);
				INFOPLIST_FILE = "1.删除选中图片作业Tests/Info.plist";
				LD_RUNPATH_SEARCH_PATHS = "$(inherited) @executable_path/Frameworks @loader_path/Frameworks";
				PRODUCT_NAME = "$(TARGET_NAME)";
				TEST_HOST = "$(BUILT_PRODUCTS_DIR)/1.删除选中图片作业.app/1.删除选中图片作业";
			};
			name = Release;
		};
/* End XCBuildConfiguration section */

/* Begin XCConfigurationList section */
		1A0585281B6EF619008CCC1B /* Build configuration list for PBXProject "1.删除选中图片作业" */ = {
			isa = XCConfigurationList;
			buildConfigurations = (
				1A0585481B6EF619008CCC1B /* Debug */,
				1A0585491B6EF619008CCC1B /* Release */,
			);
			defaultConfigurationIsVisible = 0;
			defaultConfigurationName = Release;
		};
		1A05854A1B6EF619008CCC1B /* Build configuration list for PBXNativeTarget "1.删除选中图片作业" */ = {
			isa = XCConfigurationList;
			buildConfigurations = (
				1A05854B1B6EF619008CCC1B /* Debug */,
				1A05854C1B6EF619008CCC1B /* Release */,
			);
			defaultConfigurationIsVisible = 0;
		};
		1A05854D1B6EF619008CCC1B /* Build configuration list for PBXNativeTarget "1.删除选中图片作业Tests" */ = {
			isa = XCConfigurationList;
			buildConfigurations = (
				1A05854E1B6EF619008CCC1B /* Debug */,
				1A05854F1B6EF619008CCC1B /* Release */,
			);
			defaultConfigurationIsVisible = 0;
		};
/* End XCConfigurationList section */
	};
	rootObject = 1A0585251B6EF619008CCC1B /* Project object */;
}
